<?xml version="1.0" encoding="utf-8"?>
<Project ToolsVersion="4.0" xmlns="http://schemas.microsoft.com/developer/msbuild/2003">
  <ItemGroup>
    <Filter Include="Source Files">
      <UniqueIdentifier>{4FC737F1-C7A5-4376-A066-2A32D752A2FF}</UniqueIdentifier>
      <Extensions>cpp;c;cc;cxx;def;odl;idl;hpj;bat;asm;asmx</Extensions>
    </Filter>
    <Filter Include="Header Files">
      <UniqueIdentifier>{93995380-89BD-4b04-88EB-625FBE52EBFB}</UniqueIdentifier>
      <Extensions>h;hpp;hxx;hm;inl;inc;xsd</Extensions>
    </Filter>
    <Filter Include="Resource Files">
      <UniqueIdentifier>{67DA6AB6-F800-4c08-8B7A-83BB121AAD01}</UniqueIdentifier>
      <Extensions>rc;ico;cur;bmp;dlg;rc2;rct;bin;rgs;gif;jpg;jpeg;jpe;resx;tiff;tif;png;wav;mfcribbon-ms</Extensions>
    </Filter>
    <Filter Include="Source Files\CApp">
      <UniqueIdentifier>{228b86fa-3dc2-49b4-90fb-faa67430ba29}</UniqueIdentifier>
    </Filter>
    <Filter Include="Header Files\Utils">
      <UniqueIdentifier>{bef7ddfc-d5e1-4f61-8abf-63a4614734dc}</UniqueIdentifier>
    </Filter>
  </ItemGroup>
  <ItemGroup>
    <ClInclude Include="CApp.h">
      <Filter>Header Files</Filter>
    </ClInclude>
    <ClInclude Include="Vector2f.h">
      <Filter>Header Files</Filter>
    </ClInclude>
    <ClInclude Include="SpaceShip.h">
      <Filter>Header Files</Filter>
    </ClInclude>
    <ClInclude Include="ShipStatistics.h">
      <Filter>Header Files</Filter>
    </ClInclude>
    <ClInclude Include="Scene.h">
      <Filter>Header Files</Filter>
    </ClInclude>
    <ClInclude Include="KeyboardHandler.h">
      <Filter>Header Files</Filter>
    </ClInclude>
    <ClInclude Include="MovementHandler.h">
      <Filter>Header Files</Filter>
    </ClInclude>
    <ClInclude Include="Delta.h">
      <Filter>Header Files</Filter>
    </ClInclude>
    <ClInclude Include="Bullet.h">
      <Filter>Header Files</Filter>
    </ClInclude>
    <ClInclude Include="DrawingUtils.h">
      <Filter>Header Files\Utils</Filter>
    </ClInclude>
    <ClInclude Include="LoopUtils.h">
      <Filter>Header Files\Utils</Filter>
    </ClInclude>
    <ClInclude Include="Color.h">
      <Filter>Header Files</Filter>
    </ClInclude>
    <ClInclude Include="ColorManager.h">
      <Filter>Header Files</Filter>
    </ClInclude>
  </ItemGroup>
  <ItemGroup>
    <ClCompile Include="main.cpp">
      <Filter>Source Files</Filter>
    </ClCompile>
    <ClCompile Include="CApp.cpp">
      <Filter>Source Files\CApp</Filter>
    </ClCompile>
    <ClCompile Include="CApp_OnCleanup.cpp">
      <Filter>Source Files\CApp</Filter>
    </ClCompile>
    <ClCompile Include="CApp_OnEvent.cpp">
      <Filter>Source Files\CApp</Filter>
    </ClCompile>
    <ClCompile Include="CApp_OnInit.cpp">
      <Filter>Source Files\CApp</Filter>
    </ClCompile>
    <ClCompile Include="CApp_OnLoop.cpp">
      <Filter>Source Files\CApp</Filter>
    </ClCompile>
    <ClCompile Include="CApp_OnRender.cpp">
      <Filter>Source Files\CApp</Filter>
    </ClCompile>
    <ClCompile Include="SpaceShip.cpp">
      <Filter>Source Files</Filter>
    </ClCompile>
    <ClCompile Include="ShipStatistics.cpp">
      <Filter>Source Files</Filter>
    </ClCompile>
    <ClCompile Include="Scene.cpp">
      <Filter>Source Files</Filter>
    </ClCompile>
    <ClCompile Include="Delta.cpp">
      <Filter>Source Files</Filter>
    </ClCompile>
    <ClCompile Include="Bullet.cpp">
      <Filter>Source Files</Filter>
    </ClCompile>
    <ClCompile Include="ColorManager.cpp">
      <Filter>Source Files</Filter>
    </ClCompile>
  </ItemGroup>
</Project>